Microsoft Visual Studio Solution File, Format Version 11.00
# Visual Studio 2008

Project("{60350A04-7725-DF07-C83C-8F4E8B0F38E3}") = "pinball_machine", "Assembly-CSharp.csproj", "{99D116DA-564C-AD05-9831-24779617EB57}"
EndProject
Global
	GlobalSection(SolutionConfigurationPlatforms) = preSolution
		Debug|Any CPU = Debug|Any CPU
		Release|Any CPU = Release|Any CPU
	EndGlobalSection
	GlobalSection(ProjectConfigurationPlatforms) = postSolution
		{99D116DA-564C-AD05-9831-24779617EB57}.Debug|Any CPU.ActiveCfg = Debug|Any CPU
		{99D116DA-564C-AD05-9831-24779617EB57}.Debug|Any CPU.Build.0 = Debug|Any CPU
		{99D116DA-564C-AD05-9831-24779617EB57}.Release|Any CPU.ActiveCfg = Release|Any CPU
		{99D116DA-564C-AD05-9831-24779617EB57}.Release|Any CPU.Build.0 = Release|Any CPU
	EndGlobalSection
	GlobalSection(SolutionProperties) = preSolution
		HideSolutionNode = FALSE
	EndGlobalSection
	GlobalSection(MonoDevelopProperties) = preSolution
		StartupItem = Assembly-CSharp.csproj
	EndGlobalSection
EndGlobal
